
Microsoft Visual Studio Solution File, Format Version 11.00
# Visual Studio 2010
Project("{FAE04EC0-301F-11D3-BF4B-00C04F79EFBC}") = "Assembly-CSharp", "Assembly-CSharp.csproj", "{F2627672-5D5A-98EA-412A-89C941BF3A00}"
EndProject
Project("{FAE04EC0-301F-11D3-BF4B-00C04F79EFBC}") = "Assembly-CSharp-Editor", "Assembly-CSharp-Editor.csproj", "{9F3E6165-5007-D5AF-378D-A6479FC9EA78}"
EndProject
Global
	GlobalSection(SolutionConfigurationPlatforms) = preSolution
		Debug|Any CPU = Debug|Any CPU
		Release|Any CPU = Release|Any CPU
	EndGlobalSection
	GlobalSection(ProjectConfigurationPlatforms) = postSolution
		{F2627672-5D5A-98EA-412A-89C941BF3A00}.Debug|Any CPU.ActiveCfg = Debug|Any CPU
		{F2627672-5D5A-98EA-412A-89C941BF3A00}.Debug|Any CPU.Build.0 = Debug|Any CPU
		{F2627672-5D5A-98EA-412A-89C941BF3A00}.Release|Any CPU.ActiveCfg = Release|Any CPU
		{F2627672-5D5A-98EA-412A-89C941BF3A00}.Release|Any CPU.Build.0 = Release|Any CPU
		{9F3E6165-5007-D5AF-378D-A6479FC9EA78}.Debug|Any CPU.ActiveCfg = Debug|Any CPU
		{9F3E6165-5007-D5AF-378D-A6479FC9EA78}.Debug|Any CPU.Build.0 = Debug|Any CPU
		{9F3E6165-5007-D5AF-378D-A6479FC9EA78}.Release|Any CPU.ActiveCfg = Release|Any CPU
		{9F3E6165-5007-D5AF-378D-A6479FC9EA78}.Release|Any CPU.Build.0 = Release|Any CPU
	EndGlobalSection
	GlobalSection(SolutionProperties) = preSolution
		HideSolutionNode = FALSE
	EndGlobalSection
EndGlobal
